<?xml version="1.0" encoding="utf-8"?>
<Project ToolsVersion="4.0" xmlns="http://schemas.microsoft.com/developer/msbuild/2003">
  <ItemGroup>
    <Filter Include="Fichiers sources">
      <UniqueIdentifier>{4FC737F1-C7A5-4376-A066-2A32D752A2FF}</UniqueIdentifier>
      <Extensions>cpp;c;cc;cxx;def;odl;idl;hpj;bat;asm;asmx</Extensions>
    </Filter>
    <Filter Include="Fichiers d%27en-tête">
      <UniqueIdentifier>{93995380-89BD-4b04-88EB-625FBE52EBFB}</UniqueIdentifier>
      <Extensions>h;hh;hpp;hxx;hm;inl;inc;xsd</Extensions>
    </Filter>
    <Filter Include="Fichiers de ressources">
      <UniqueIdentifier>{67DA6AB6-F800-4c08-8B7A-83BB121AAD01}</UniqueIdentifier>
      <Extensions>rc;ico;cur;bmp;dlg;rc2;rct;bin;rgs;gif;jpg;jpeg;jpe;resx;tiff;tif;png;wav;mfcribbon-ms</Extensions>
    </Filter>
    <Filter Include="1. CLI">
      <UniqueIdentifier>{2d05a718-d7d4-42d2-b63b-d53cab7c8299}</UniqueIdentifier>
    </Filter>
    <Filter Include="3. DAL">
      <UniqueIdentifier>{2cb22d8c-bd92-42f3-8880-587aa061c957}</UniqueIdentifier>
    </Filter>
    <Filter Include="2. BLL">
      <UniqueIdentifier>{e05ad5eb-05f2-4000-b79a-0e2cdf98a41b}</UniqueIdentifier>
    </Filter>
    <Filter Include="4. MODEL">
      <UniqueIdentifier>{21c46683-2c20-4545-bea0-573c0da079cf}</UniqueIdentifier>
    </Filter>
    <Filter Include="4. UTILITY">
      <UniqueIdentifier>{1a4f1137-76c3-4466-85d8-c16ecdcf8ee7}</UniqueIdentifier>
    </Filter>
  </ItemGroup>
  <ItemGroup>
    <ClCompile Include="Main.cpp">
      <Filter>Fichiers sources</Filter>
    </ClCompile>
    <ClCompile Include="Text.cpp">
      <Filter>4. MODEL</Filter>
    </ClCompile>
    <ClCompile Include="TestUnitaire.cpp">
      <Filter>4. UTILITY</Filter>
    </ClCompile>
    <ClCompile Include="Date.cpp">
      <Filter>4. MODEL</Filter>
    </ClCompile>
    <ClCompile Include="Commande.cpp">
      <Filter>3. DAL</Filter>
    </ClCompile>
    <ClCompile Include="ContainerEntity.cpp">
      <Filter>3. DAL</Filter>
    </ClCompile>
    <ClCompile Include="Livraison.cpp">
      <Filter>3. DAL</Filter>
    </ClCompile>
    <ClCompile Include="RendezVous.cpp">
      <Filter>3. DAL</Filter>
    </ClCompile>
    <ClCompile Include="ZoneSaisie.cpp">
      <Filter>4. UTILITY</Filter>
    </ClCompile>
    <ClCompile Include="LigneMenu.cpp">
      <Filter>4. UTILITY</Filter>
    </ClCompile>
    <ClCompile Include="Dossier.cpp">
      <Filter>3. DAL</Filter>
    </ClCompile>
    <ClCompile Include="Client.cpp">
      <Filter>3. DAL</Filter>
    </ClCompile>
    <ClCompile Include="Stream.cpp">
      <Filter>Fichiers sources</Filter>
    </ClCompile>
    <ClCompile Include="SQL.cpp">
      <Filter>4. MODEL</Filter>
    </ClCompile>
    <ClCompile Include="File.cpp">
      <Filter>4. MODEL</Filter>
    </ClCompile>
    <ClCompile Include="sqlite3.c">
      <Filter>4. UTILITY</Filter>
    </ClCompile>
  </ItemGroup>
  <ItemGroup>
    <ClInclude Include="Text.h">
      <Filter>4. MODEL</Filter>
    </ClInclude>
    <ClInclude Include="PrimaryKey.h">
      <Filter>4. MODEL</Filter>
    </ClInclude>
    <ClInclude Include="Title.h">
      <Filter>4. MODEL</Filter>
    </ClInclude>
    <ClInclude Include="DropdownList.h">
      <Filter>4. MODEL</Filter>
    </ClInclude>
    <ClInclude Include="Message.h">
      <Filter>4. UTILITY</Filter>
    </ClInclude>
    <ClInclude Include="TestUnitaire.h">
      <Filter>4. UTILITY</Filter>
    </ClInclude>
    <ClInclude Include="Date.h">
      <Filter>4. MODEL</Filter>
    </ClInclude>
    <ClInclude Include="Commande.h">
      <Filter>3. DAL</Filter>
    </ClInclude>
    <ClInclude Include="ContainerEntity.h">
      <Filter>3. DAL</Filter>
    </ClInclude>
    <ClInclude Include="Livraison.h">
      <Filter>3. DAL</Filter>
    </ClInclude>
    <ClInclude Include="RendezVous.h">
      <Filter>3. DAL</Filter>
    </ClInclude>
    <ClInclude Include="ZoneSaisie.h">
      <Filter>4. UTILITY</Filter>
    </ClInclude>
    <ClInclude Include="MultiType.h">
      <Filter>4. UTILITY</Filter>
    </ClInclude>
    <ClInclude Include="LigneMenu.h">
      <Filter>4. UTILITY</Filter>
    </ClInclude>
    <ClInclude Include="Application.h">
      <Filter>4. UTILITY</Filter>
    </ClInclude>
    <ClInclude Include="Dossier.h">
      <Filter>3. DAL</Filter>
    </ClInclude>
    <ClInclude Include="Formulaire.h">
      <Filter>1. CLI</Filter>
    </ClInclude>
    <ClInclude Include="Menu.h">
      <Filter>4. UTILITY</Filter>
    </ClInclude>
    <ClInclude Include="Client.h">
      <Filter>3. DAL</Filter>
    </ClInclude>
    <ClInclude Include="Search.h">
      <Filter>4. UTILITY</Filter>
    </ClInclude>
    <ClInclude Include="List.h">
      <Filter>4. UTILITY</Filter>
    </ClInclude>
    <ClInclude Include="Stream.h">
      <Filter>Fichiers d%27en-tête</Filter>
    </ClInclude>
    <ClInclude Include="SQL.h">
      <Filter>4. MODEL</Filter>
    </ClInclude>
    <ClInclude Include="File.h">
      <Filter>4. MODEL</Filter>
    </ClInclude>
    <ClInclude Include="sqlite3.h">
      <Filter>4. UTILITY</Filter>
    </ClInclude>
  </ItemGroup>
</Project>